
Microsoft Visual Studio Solution File, Format Version 12.00
# Visual Studio Version 17
VisualStudioVersion = 17.13.35931.197 d17.13
MinimumVisualStudioVersion = 10.0.40219.1
Project("{FAE04EC0-301F-11D3-BF4B-00C04F79EFBC}") = "Entity_FrameWork_Assignment", "Entity_FrameWork_Assignment\Entity_FrameWork_Assignment.csproj", "{16ACD407-BF6E-4232-93D5-38D99047EDA3}"
EndProject
Global
	GlobalSection(SolutionConfigurationPlatforms) = preSolution
		Debug|Any CPU = Debug|Any CPU
		Release|Any CPU = Release|Any CPU
	EndGlobalSection
	GlobalSection(ProjectConfigurationPlatforms) = postSolution
		{16ACD407-BF6E-4232-93D5-38D99047EDA3}.Debug|Any CPU.ActiveCfg = Debug|Any CPU
		{16ACD407-BF6E-4232-93D5-38D99047EDA3}.Debug|Any CPU.Build.0 = Debug|Any CPU
		{16ACD407-BF6E-4232-93D5-38D99047EDA3}.Release|Any CPU.ActiveCfg = Release|Any CPU
		{16ACD407-BF6E-4232-93D5-38D99047EDA3}.Release|Any CPU.Build.0 = Release|Any CPU
	EndGlobalSection
	GlobalSection(SolutionProperties) = preSolution
		HideSolutionNode = FALSE
	EndGlobalSection
	GlobalSection(ExtensibilityGlobals) = postSolution
		SolutionGuid = {DBC81202-26F6-4315-96D1-D09057612365}
	EndGlobalSection
EndGlobal
